Microsoft Visual Studio Solution File, Format Version 11.00
# Visual Studio 2008

Project("{63F0C6DD-CFF3-0795-6BB5-996FBB4B82F6}") = "HackingEDU Project", "Assembly-CSharp-firstpass.csproj", "{C0F07668-A713-4D39-ADF7-D60DCA032CD5}"
EndProject
Project("{63F0C6DD-CFF3-0795-6BB5-996FBB4B82F6}") = "HackingEDU Project", "Assembly-CSharp.csproj", "{AD6A7E0C-A5DA-922A-2750-1852AD1F0F57}"
EndProject
Project("{63F0C6DD-CFF3-0795-6BB5-996FBB4B82F6}") = "HackingEDU Project", "Assembly-CSharp-Editor.csproj", "{EB06E767-7F74-00CE-5084-9F5B7BBD9CC5}"
EndProject
Global
	GlobalSection(SolutionConfigurationPlatforms) = preSolution
		Debug|Any CPU = Debug|Any CPU
		Release|Any CPU = Release|Any CPU
	EndGlobalSection
	GlobalSection(ProjectConfigurationPlatforms) = postSolution
		{C0F07668-A713-4D39-ADF7-D60DCA032CD5}.Debug|Any CPU.ActiveCfg = Debug|Any CPU
		{C0F07668-A713-4D39-ADF7-D60DCA032CD5}.Debug|Any CPU.Build.0 = Debug|Any CPU
		{C0F07668-A713-4D39-ADF7-D60DCA032CD5}.Release|Any CPU.ActiveCfg = Release|Any CPU
		{C0F07668-A713-4D39-ADF7-D60DCA032CD5}.Release|Any CPU.Build.0 = Release|Any CPU
		{AD6A7E0C-A5DA-922A-2750-1852AD1F0F57}.Debug|Any CPU.ActiveCfg = Debug|Any CPU
		{AD6A7E0C-A5DA-922A-2750-1852AD1F0F57}.Debug|Any CPU.Build.0 = Debug|Any CPU
		{AD6A7E0C-A5DA-922A-2750-1852AD1F0F57}.Release|Any CPU.ActiveCfg = Release|Any CPU
		{AD6A7E0C-A5DA-922A-2750-1852AD1F0F57}.Release|Any CPU.Build.0 = Release|Any CPU
		{EB06E767-7F74-00CE-5084-9F5B7BBD9CC5}.Debug|Any CPU.ActiveCfg = Debug|Any CPU
		{EB06E767-7F74-00CE-5084-9F5B7BBD9CC5}.Debug|Any CPU.Build.0 = Debug|Any CPU
		{EB06E767-7F74-00CE-5084-9F5B7BBD9CC5}.Release|Any CPU.ActiveCfg = Release|Any CPU
		{EB06E767-7F74-00CE-5084-9F5B7BBD9CC5}.Release|Any CPU.Build.0 = Release|Any CPU
	EndGlobalSection
	GlobalSection(SolutionProperties) = preSolution
		HideSolutionNode = FALSE
	EndGlobalSection
																																																																																																	GlobalSection(MonoDevelopProperties) = preSolution
		StartupItem = Assembly-CSharp.csproj
		Policies = $0
		$0.TextStylePolicy = $1
		$1.inheritsSet = null
		$1.scope = text/x-csharp
		$0.CSharpFormattingPolicy = $2
		$2.inheritsSet = Mono
		$2.inheritsScope = text/x-csharp
		$2.scope = text/x-csharp
		$0.TextStylePolicy = $3
		$3.FileWidth = 120
		$3.TabWidth = 4
		$3.IndentWidth = 4
		$3.EolMarker = Unix
		$3.inheritsSet = Mono
		$3.inheritsScope = text/plain
		$3.scope = text/plain
	EndGlobalSection

EndGlobal
